hash: 984e005b4b4737cbcf52d5825593717c609710eb71a57477ae97040d02648338
updated: 2017-05-27T09:43:23.5374755+03:00
imports:
- name: github.com/apex/log
  version: 8f3a15d95392c8fc202d1e1059f46df21dff2992
- name: github.com/bitfinexcom/bitfinex-api-go
  version: 2d67f9cd15489f55cb1b9bb1aab26f7b0b5c7b02
  subpackages:
  - v1
- name: github.com/pkg/errors
  version: c605e284fe17294bda444b34710735b29d1a9d90
testImports:
- name: github.com/onsi/ginkgo
  version: a1f616c97771e46da1722d3aa9dcde0a43f55682
  subpackages:
  - config
  - internal/codelocation
  - internal/containernode
  - internal/failer
  - internal/leafnodes
  - internal/remote
  - internal/spec
  - internal/spec_iterator
  - internal/specrunner
  - internal/suite
  - internal/testingtproxy
  - internal/writer
  - reporters
  - reporters/stenographer
  - reporters/stenographer/support/go-colorable
  - reporters/stenographer/support/go-isatty
  - types
- name: github.com/onsi/gomega
  version: 39a54bd3c3bbfe1c331a9b3207e92134c77ed812
  subpackages:
  - format
  - internal/assertion
  - internal/asyncassertion
  - internal/oraclematcher
  - internal/testingtsupport
  - matchers
  - matchers/support/goraph/bipartitegraph
  - matchers/support/goraph/edge
  - matchers/support/goraph/node
  - matchers/support/goraph/util
  - types
- name: golang.org/x/net
  version: 48359f4f600b3a2d5cf657458e3f940021631a56
  subpackages:
  - html
  - html/atom
  - html/charset
- name: golang.org/x/sys
  version: a55a76086885b80f79961eacb876ebd8caf3868d
  subpackages:
  - unix
- name: golang.org/x/text
  version: 19e51611da83d6be54ddafce4a4af510cb3e9ea4
  subpackages:
  - encoding
  - encoding/charmap
  - encoding/htmlindex
  - encoding/internal
  - encoding/internal/identifier
  - encoding/japanese
  - encoding/korean
  - encoding/simplifiedchinese
  - encoding/traditionalchinese
  - encoding/unicode
  - internal/tag
  - internal/utf8internal
  - language
  - runes
  - transform
- name: gopkg.in/yaml.v2
  version: cd8b52f8269e0feb286dfeef29f8fe4d5b397e0b
