hash: 9c68688606fce53dc1b390ebf408a3966e88fcee485f510401e370e72090b6c3
updated: 2017-04-28T12:43:23.897016369+03:00
imports:
- name: github.com/apex/log
  version: 603945f16991551ab5a7a91dddcac834eed40220
- name: github.com/pkg/errors
  version: ff09b135c25aae272398c51a07235b90a75aa4f0
testImports:
- name: github.com/onsi/ginkgo
  version: 83438ca4278f2f56757b9ab2cb15dd4f596d84e8
  subpackages:
  - config
  - internal/codelocation
  - internal/containernode
  - internal/failer
  - internal/leafnodes
  - internal/remote
  - internal/spec
  - internal/spec_iterator
  - internal/specrunner
  - internal/suite
  - internal/testingtproxy
  - internal/writer
  - reporters
  - reporters/stenographer
  - reporters/stenographer/support/go-colorable
  - reporters/stenographer/support/go-isatty
  - types
- name: github.com/onsi/gomega
  version: 9b8c753e8dfb382618ba8fa19b4197b5dcb0434c
  subpackages:
  - format
  - internal/assertion
  - internal/asyncassertion
  - internal/oraclematcher
  - internal/testingtsupport
  - matchers
  - matchers/support/goraph/bipartitegraph
  - matchers/support/goraph/edge
  - matchers/support/goraph/node
  - matchers/support/goraph/util
  - types
- name: golang.org/x/sys
  version: 9ccfe848b9db8435a24c424abbc07a921adf1df5
  subpackages:
  - unix
- name: gopkg.in/yaml.v2
  version: cd8b52f8269e0feb286dfeef29f8fe4d5b397e0b
